# This file is automatically @generated by Poetry 1.8.3 and should not be changed by hand.

[[package]]
name = "jason"
version = "0.1.7"
description = "Lightweight helpers for views returning json data in Django."
optional = false
python-versions = "*"
files = [
    {file = "jason-0.1.7.tar.gz", hash = "sha256:ebb3a47bba158161488ee8ca80f927487b0b3261f80a235f4130bcf438eea454"},
]

[metadata]
lock-version = "2.0"
python-versions = "^3.12"
content-hash = "5cf791e41a216c04674397453787133e27214d764f8fddf541735cdefd13792a"
